
Microsoft Visual Studio Solution File, Format Version 12.00
# Visual Studio Version 17
VisualStudioVersion = 17.3.32825.248
MinimumVisualStudioVersion = 10.0.40219.1
Project("{FAE04EC0-301F-11D3-BF4B-00C04F79EFBC}") = "Lambda.Default.Handler.EventBridge", "Lambda.Default.Handler.EventBridge\Lambda.Default.Handler.EventBridge.csproj", "{493A3F24-489B-43CD-9FC0-93F5B442C0F8}"
EndProject
Global
	GlobalSection(SolutionConfigurationPlatforms) = preSolution
		Debug|Any CPU = Debug|Any CPU
		Release|Any CPU = Release|Any CPU
	EndGlobalSection
	GlobalSection(ProjectConfigurationPlatforms) = postSolution
		{493A3F24-489B-43CD-9FC0-93F5B442C0F8}.Debug|Any CPU.ActiveCfg = Debug|Any CPU
		{493A3F24-489B-43CD-9FC0-93F5B442C0F8}.Debug|Any CPU.Build.0 = Debug|Any CPU
		{493A3F24-489B-43CD-9FC0-93F5B442C0F8}.Release|Any CPU.ActiveCfg = Release|Any CPU
		{493A3F24-489B-43CD-9FC0-93F5B442C0F8}.Release|Any CPU.Build.0 = Release|Any CPU
	EndGlobalSection
	GlobalSection(SolutionProperties) = preSolution
		HideSolutionNode = FALSE
	EndGlobalSection
	GlobalSection(ExtensibilityGlobals) = postSolution
		SolutionGuid = {DC58C0BB-E3E7-4B89-B9A0-705DF84BD1AB}
	EndGlobalSection
EndGlobal
